
Microsoft Visual Studio Solution File, Format Version 12.00
# Visual Studio 15
Project("{FAE04EC0-301F-11D3-BF4B-00C04F79EFBC}") = "Assembly-CSharp", "Assembly-CSharp.csproj", "{EDFADA0C-95C9-4BDF-3217-89F252208B15}"
EndProject
Global
	GlobalSection(SolutionConfigurationPlatforms) = preSolution
		Debug|Any CPU = Debug|Any CPU
		Release|Any CPU = Release|Any CPU
	EndGlobalSection
	GlobalSection(ProjectConfigurationPlatforms) = postSolution
		{EDFADA0C-95C9-4BDF-3217-89F252208B15}.Debug|Any CPU.ActiveCfg = Debug|Any CPU
		{EDFADA0C-95C9-4BDF-3217-89F252208B15}.Debug|Any CPU.Build.0 = Debug|Any CPU
		{EDFADA0C-95C9-4BDF-3217-89F252208B15}.Release|Any CPU.ActiveCfg = Release|Any CPU
		{EDFADA0C-95C9-4BDF-3217-89F252208B15}.Release|Any CPU.Build.0 = Release|Any CPU
	EndGlobalSection
	GlobalSection(SolutionProperties) = preSolution
		HideSolutionNode = FALSE
	EndGlobalSection
EndGlobal
